
Microsoft Visual Studio Solution File, Format Version 12.00
# Visual Studio Version 17
VisualStudioVersion = 17.9.34622.214
MinimumVisualStudioVersion = 10.0.40219.1
Project("{F184B08F-C81C-45F6-A57F-5ABD9991F28F}") = "ImageFilterer", "WindowsApp1\ImageFilterer.vbproj", "{A79686C8-DD64-443C-88A6-8251D47552AB}"
EndProject
Global
	GlobalSection(SolutionConfigurationPlatforms) = preSolution
		Debug|Any CPU = Debug|Any CPU
		Release|Any CPU = Release|Any CPU
	EndGlobalSection
	GlobalSection(ProjectConfigurationPlatforms) = postSolution
		{A79686C8-DD64-443C-88A6-8251D47552AB}.Debug|Any CPU.ActiveCfg = Debug|Any CPU
		{A79686C8-DD64-443C-88A6-8251D47552AB}.Debug|Any CPU.Build.0 = Debug|Any CPU
		{A79686C8-DD64-443C-88A6-8251D47552AB}.Release|Any CPU.ActiveCfg = Release|Any CPU
		{A79686C8-DD64-443C-88A6-8251D47552AB}.Release|Any CPU.Build.0 = Release|Any CPU
	EndGlobalSection
	GlobalSection(SolutionProperties) = preSolution
		HideSolutionNode = FALSE
	EndGlobalSection
	GlobalSection(ExtensibilityGlobals) = postSolution
		SolutionGuid = {A1C78957-E4A4-4B24-9B4B-79D7F8861920}
	EndGlobalSection
EndGlobal
